
Microsoft Visual Studio Solution File, Format Version 12.00
# Visual Studio Version 17
VisualStudioVersion = 17.5.33414.496
MinimumVisualStudioVersion = 10.0.40219.1
Project("{FAE04EC0-301F-11D3-BF4B-00C04F79EFBC}") = "ContentManager", "ContentManager\ContentManager.csproj", "{814DA411-3B96-42C2-A10C-6BD9005BC0F4}"
EndProject
Global
	GlobalSection(SolutionConfigurationPlatforms) = preSolution
		Debug|Any CPU = Debug|Any CPU
		Release|Any CPU = Release|Any CPU
	EndGlobalSection
	GlobalSection(ProjectConfigurationPlatforms) = postSolution
		{814DA411-3B96-42C2-A10C-6BD9005BC0F4}.Debug|Any CPU.ActiveCfg = Debug|Any CPU
		{814DA411-3B96-42C2-A10C-6BD9005BC0F4}.Debug|Any CPU.Build.0 = Debug|Any CPU
		{814DA411-3B96-42C2-A10C-6BD9005BC0F4}.Release|Any CPU.ActiveCfg = Release|Any CPU
		{814DA411-3B96-42C2-A10C-6BD9005BC0F4}.Release|Any CPU.Build.0 = Release|Any CPU
	EndGlobalSection
	GlobalSection(SolutionProperties) = preSolution
		HideSolutionNode = FALSE
	EndGlobalSection
	GlobalSection(ExtensibilityGlobals) = postSolution
		SolutionGuid = {EE6B66E1-B22F-41B9-AD2C-90E3F04B21B3}
	EndGlobalSection
EndGlobal
